
Microsoft Visual Studio Solution File, Format Version 12.00
# Visual Studio Version 17
VisualStudioVersion = 17.5.33516.290
MinimumVisualStudioVersion = 10.0.40219.1
Project("{FAE04EC0-301F-11D3-BF4B-00C04F79EFBC}") = "to do", "to do\to do.csproj", "{B7F37937-7B14-4A5F-8CCB-422F30C05AE6}"
EndProject
Global
	GlobalSection(SolutionConfigurationPlatforms) = preSolution
		Debug|Any CPU = Debug|Any CPU
		Release|Any CPU = Release|Any CPU
	EndGlobalSection
	GlobalSection(ProjectConfigurationPlatforms) = postSolution
		{B7F37937-7B14-4A5F-8CCB-422F30C05AE6}.Debug|Any CPU.ActiveCfg = Debug|Any CPU
		{B7F37937-7B14-4A5F-8CCB-422F30C05AE6}.Debug|Any CPU.Build.0 = Debug|Any CPU
		{B7F37937-7B14-4A5F-8CCB-422F30C05AE6}.Release|Any CPU.ActiveCfg = Release|Any CPU
		{B7F37937-7B14-4A5F-8CCB-422F30C05AE6}.Release|Any CPU.Build.0 = Release|Any CPU
	EndGlobalSection
	GlobalSection(SolutionProperties) = preSolution
		HideSolutionNode = FALSE
	EndGlobalSection
	GlobalSection(ExtensibilityGlobals) = postSolution
		SolutionGuid = {B3A4E2B9-B41C-41A7-8FE3-A3C7073D1103}
	EndGlobalSection
EndGlobal
